// !$*UTF8*$!
{
	archiveVersion = 1;
	classes = {
	};
	objectVersion = 56;
	objects = {

/* Begin PBXBuildFile section */
		0DB68681E8B7CF3E1AA1FE98 /* Pods_Bullion.framework in Frameworks */ = {isa = PBXBuildFile; fileRef = AF630B1F80E7FAFD784C1061 /* Pods_Bullion.framework */; };
		A70194662C2ACA8F00FCD22E /* AppDelegate.swift in Sources */ = {isa = PBXBuildFile; fileRef = A70194652C2ACA8F00FCD22E /* AppDelegate.swift */; };
		A70194682C2ACA8F00FCD22E /* SceneDelegate.swift in Sources */ = {isa = PBXBuildFile; fileRef = A70194672C2ACA8F00FCD22E /* SceneDelegate.swift */; };
		A701946A2C2ACA8F00FCD22E /* ViewController.swift in Sources */ = {isa = PBXBuildFile; fileRef = A70194692C2ACA8F00FCD22E /* ViewController.swift */; };
		A701946D2C2ACA8F00FCD22E /* Main.storyboard in Resources */ = {isa = PBXBuildFile; fileRef = A701946B2C2ACA8F00FCD22E /* Main.storyboard */; };
		A701946F2C2ACA9000FCD22E /* Assets.xcassets in Resources */ = {isa = PBXBuildFile; fileRef = A701946E2C2ACA9000FCD22E /* Assets.xcassets */; };
		A70194722C2ACA9000FCD22E /* LaunchScreen.storyboard in Resources */ = {isa = PBXBuildFile; fileRef = A70194702C2ACA9000FCD22E /* LaunchScreen.storyboard */; };
		A701947D2C2ACA9000FCD22E /* BullionTests.swift in Sources */ = {isa = PBXBuildFile; fileRef = A701947C2C2ACA9000FCD22E /* BullionTests.swift */; };
		A70194872C2ACA9000FCD22E /* BullionUITests.swift in Sources */ = {isa = PBXBuildFile; fileRef = A70194862C2ACA9000FCD22E /* BullionUITests.swift */; };
		A70194892C2ACA9000FCD22E /* BullionUITestsLaunchTests.swift in Sources */ = {isa = PBXBuildFile; fileRef = A70194882C2ACA9000FCD22E /* BullionUITestsLaunchTests.swift */; };
		A701949C2C2AD08C00FCD22E /* ApiManager.swift in Sources */ = {isa = PBXBuildFile; fileRef = A701949B2C2AD08C00FCD22E /* ApiManager.swift */; };
		A701949E2C2AD09800FCD22E /* Endpoint.swift in Sources */ = {isa = PBXBuildFile; fileRef = A701949D2C2AD09800FCD22E /* Endpoint.swift */; };
		A70194A62C2AD34600FCD22E /* LoginPresenter.swift in Sources */ = {isa = PBXBuildFile; fileRef = A70194A02C2AD34600FCD22E /* LoginPresenter.swift */; };
		A70194A72C2AD34600FCD22E /* LoginRouter.swift in Sources */ = {isa = PBXBuildFile; fileRef = A70194A12C2AD34600FCD22E /* LoginRouter.swift */; };
		A70194A82C2AD34600FCD22E /* LoginInteractor.swift in Sources */ = {isa = PBXBuildFile; fileRef = A70194A22C2AD34600FCD22E /* LoginInteractor.swift */; };
		A70194A92C2AD34600FCD22E /* LoginView.swift in Sources */ = {isa = PBXBuildFile; fileRef = A70194A32C2AD34600FCD22E /* LoginView.swift */; };
		A70194AA2C2AD34600FCD22E /* LoginView.xib in Resources */ = {isa = PBXBuildFile; fileRef = A70194A42C2AD34600FCD22E /* LoginView.xib */; };
		A70194AB2C2AD34600FCD22E /* LoginEntity.swift in Sources */ = {isa = PBXBuildFile; fileRef = A70194A52C2AD34600FCD22E /* LoginEntity.swift */; };
		A70194AD2C2AD5ED00FCD22E /* UIColor+Ext.swift in Sources */ = {isa = PBXBuildFile; fileRef = A70194AC2C2AD5ED00FCD22E /* UIColor+Ext.swift */; };
		A70194B02C2ADB6900FCD22E /* GeneralTextField.swift in Sources */ = {isa = PBXBuildFile; fileRef = A70194AF2C2ADB6900FCD22E /* GeneralTextField.swift */; };
		A70194B22C2ADB7800FCD22E /* GeneralTextField.xib in Resources */ = {isa = PBXBuildFile; fileRef = A70194B12C2ADB7800FCD22E /* GeneralTextField.xib */; };
		A70194B52C2ADB9400FCD22E /* GeneralButton.swift in Sources */ = {isa = PBXBuildFile; fileRef = A70194B42C2ADB9400FCD22E /* GeneralButton.swift */; };
		A70194B72C2ADB9D00FCD22E /* GeneralButton.xib in Resources */ = {isa = PBXBuildFile; fileRef = A70194B62C2ADB9D00FCD22E /* GeneralButton.xib */; };
		A70194C92C2AE0A000FCD22E /* Inter-ExtraLight.ttf in Resources */ = {isa = PBXBuildFile; fileRef = A70194C02C2AE0A000FCD22E /* Inter-ExtraLight.ttf */; };
		A70194CA2C2AE0A000FCD22E /* Inter-Light.ttf in Resources */ = {isa = PBXBuildFile; fileRef = A70194C12C2AE0A000FCD22E /* Inter-Light.ttf */; };
		A70194CB2C2AE0A000FCD22E /* Inter-Medium.ttf in Resources */ = {isa = PBXBuildFile; fileRef = A70194C22C2AE0A000FCD22E /* Inter-Medium.ttf */; };
		A70194CC2C2AE0A000FCD22E /* Inter-SemiBold.ttf in Resources */ = {isa = PBXBuildFile; fileRef = A70194C32C2AE0A000FCD22E /* Inter-SemiBold.ttf */; };
		A70194CD2C2AE0A000FCD22E /* Inter-Bold.ttf in Resources */ = {isa = PBXBuildFile; fileRef = A70194C42C2AE0A000FCD22E /* Inter-Bold.ttf */; };
		A70194CE2C2AE0A000FCD22E /* Inter-Regular.ttf in Resources */ = {isa = PBXBuildFile; fileRef = A70194C52C2AE0A000FCD22E /* Inter-Regular.ttf */; };
		A70194CF2C2AE0A000FCD22E /* Inter-ExtraBold.ttf in Resources */ = {isa = PBXBuildFile; fileRef = A70194C62C2AE0A000FCD22E /* Inter-ExtraBold.ttf */; };
		A70194D02C2AE0A000FCD22E /* Inter-Thin.ttf in Resources */ = {isa = PBXBuildFile; fileRef = A70194C72C2AE0A000FCD22E /* Inter-Thin.ttf */; };
		A70194D12C2AE0A000FCD22E /* Inter-Black.ttf in Resources */ = {isa = PBXBuildFile; fileRef = A70194C82C2AE0A000FCD22E /* Inter-Black.ttf */; };
		A70194DE2C2AE0B800FCD22E /* Roboto-Light.ttf in Resources */ = {isa = PBXBuildFile; fileRef = A70194D22C2AE0B700FCD22E /* Roboto-Light.ttf */; };
		A70194DF2C2AE0B800FCD22E /* Roboto-BoldItalic.ttf in Resources */ = {isa = PBXBuildFile; fileRef = A70194D32C2AE0B700FCD22E /* Roboto-BoldItalic.ttf */; };
		A70194E02C2AE0B800FCD22E /* Roboto-Regular.ttf in Resources */ = {isa = PBXBuildFile; fileRef = A70194D42C2AE0B700FCD22E /* Roboto-Regular.ttf */; };
		A70194E12C2AE0B800FCD22E /* Roboto-BlackItalic.ttf in Resources */ = {isa = PBXBuildFile; fileRef = A70194D52C2AE0B700FCD22E /* Roboto-BlackItalic.ttf */; };
		A70194E22C2AE0B800FCD22E /* Roboto-Thin.ttf in Resources */ = {isa = PBXBuildFile; fileRef = A70194D62C2AE0B700FCD22E /* Roboto-Thin.ttf */; };
		A70194E32C2AE0B800FCD22E /* Roboto-MediumItalic.ttf in Resources */ = {isa = PBXBuildFile; fileRef = A70194D72C2AE0B700FCD22E /* Roboto-MediumItalic.ttf */; };
		A70194E42C2AE0B800FCD22E /* Roboto-LightItalic.ttf in Resources */ = {isa = PBXBuildFile; fileRef = A70194D82C2AE0B700FCD22E /* Roboto-LightItalic.ttf */; };
		A70194E52C2AE0B800FCD22E /* Roboto-Black.ttf in Resources */ = {isa = PBXBuildFile; fileRef = A70194D92C2AE0B700FCD22E /* Roboto-Black.ttf */; };
		A70194E62C2AE0B800FCD22E /* Roboto-Medium.ttf in Resources */ = {isa = PBXBuildFile; fileRef = A70194DA2C2AE0B800FCD22E /* Roboto-Medium.ttf */; };
		A70194E72C2AE0B800FCD22E /* Roboto-ThinItalic.ttf in Resources */ = {isa = PBXBuildFile; fileRef = A70194DB2C2AE0B800FCD22E /* Roboto-ThinItalic.ttf */; };
		A70194E82C2AE0B800FCD22E /* Roboto-Italic.ttf in Resources */ = {isa = PBXBuildFile; fileRef = A70194DC2C2AE0B800FCD22E /* Roboto-Italic.ttf */; };
		A70194E92C2AE0B800FCD22E /* Roboto-Bold.ttf in Resources */ = {isa = PBXBuildFile; fileRef = A70194DD2C2AE0B800FCD22E /* Roboto-Bold.ttf */; };
		A70194EB2C2AE3D900FCD22E /* UIView+Ext.swift in Sources */ = {isa = PBXBuildFile; fileRef = A70194EA2C2AE3D900FCD22E /* UIView+Ext.swift */; };
		A70194EE2C2AE80700FCD22E /* UIFont+Ext.swift in Sources */ = {isa = PBXBuildFile; fileRef = A70194ED2C2AE80700FCD22E /* UIFont+Ext.swift */; };
		A70194F82C2AF51500FCD22E /* FormUserPresenter.swift in Sources */ = {isa = PBXBuildFile; fileRef = A70194F22C2AF51500FCD22E /* FormUserPresenter.swift */; };
		A70194F92C2AF51500FCD22E /* FormUserRouter.swift in Sources */ = {isa = PBXBuildFile; fileRef = A70194F32C2AF51500FCD22E /* FormUserRouter.swift */; };
		A70194FA2C2AF51500FCD22E /* FormUserInteractor.swift in Sources */ = {isa = PBXBuildFile; fileRef = A70194F42C2AF51500FCD22E /* FormUserInteractor.swift */; };
		A70194FB2C2AF51500FCD22E /* FormUserView.swift in Sources */ = {isa = PBXBuildFile; fileRef = A70194F52C2AF51500FCD22E /* FormUserView.swift */; };
		A70194FC2C2AF51500FCD22E /* FormUserView.xib in Resources */ = {isa = PBXBuildFile; fileRef = A70194F62C2AF51500FCD22E /* FormUserView.xib */; };
		A70194FD2C2AF51500FCD22E /* FormUserEntity.swift in Sources */ = {isa = PBXBuildFile; fileRef = A70194F72C2AF51500FCD22E /* FormUserEntity.swift */; };
		A70195002C2AFB4300FCD22E /* GradientLabel.swift in Sources */ = {isa = PBXBuildFile; fileRef = A70194FF2C2AFB4300FCD22E /* GradientLabel.swift */; };
		A70195022C2AFED400FCD22E /* GesturePublisher.swift in Sources */ = {isa = PBXBuildFile; fileRef = A70195012C2AFED400FCD22E /* GesturePublisher.swift */; };
		A776BFC62C2B07A4004B08D3 /* HomePresenter.swift in Sources */ = {isa = PBXBuildFile; fileRef = A776BFC02C2B07A3004B08D3 /* HomePresenter.swift */; };
		A776BFC72C2B07A4004B08D3 /* HomeRouter.swift in Sources */ = {isa = PBXBuildFile; fileRef = A776BFC12C2B07A3004B08D3 /* HomeRouter.swift */; };
		A776BFC82C2B07A4004B08D3 /* HomeInteractor.swift in Sources */ = {isa = PBXBuildFile; fileRef = A776BFC22C2B07A3004B08D3 /* HomeInteractor.swift */; };
		A776BFC92C2B07A4004B08D3 /* HomeView.swift in Sources */ = {isa = PBXBuildFile; fileRef = A776BFC32C2B07A3004B08D3 /* HomeView.swift */; };
		A776BFCA2C2B07A4004B08D3 /* HomeView.xib in Resources */ = {isa = PBXBuildFile; fileRef = A776BFC42C2B07A3004B08D3 /* HomeView.xib */; };
		A776BFCB2C2B07A4004B08D3 /* HomeEntity.swift in Sources */ = {isa = PBXBuildFile; fileRef = A776BFC52C2B07A3004B08D3 /* HomeEntity.swift */; };
		A789C7662C2B353400EB9968 /* NewsCVC.swift in Sources */ = {isa = PBXBuildFile; fileRef = A789C7642C2B353400EB9968 /* NewsCVC.swift */; };
		A789C7672C2B353400EB9968 /* NewsCVC.xib in Resources */ = {isa = PBXBuildFile; fileRef = A789C7652C2B353400EB9968 /* NewsCVC.xib */; };
		A789C76B2C2B3D4700EB9968 /* PopupDetail.swift in Sources */ = {isa = PBXBuildFile; fileRef = A789C7692C2B3D4700EB9968 /* PopupDetail.swift */; };
		A789C76C2C2B3D4700EB9968 /* PopupDetail.xib in Resources */ = {isa = PBXBuildFile; fileRef = A789C76A2C2B3D4700EB9968 /* PopupDetail.xib */; };
		A789C76E2C2B530800EB9968 /* String+Ext.swift in Sources */ = {isa = PBXBuildFile; fileRef = A789C76D2C2B530800EB9968 /* String+Ext.swift */; };
		A789C7702C2BF72100EB9968 /* UIImageView+Ext.swift in Sources */ = {isa = PBXBuildFile; fileRef = A789C76F2C2BF72100EB9968 /* UIImageView+Ext.swift */; };
		A78AA4382C2B107100A63D1C /* UserListTVC.swift in Sources */ = {isa = PBXBuildFile; fileRef = A78AA4362C2B107100A63D1C /* UserListTVC.swift */; };
		A78AA4392C2B107100A63D1C /* UserListTVC.xib in Resources */ = {isa = PBXBuildFile; fileRef = A78AA4372C2B107100A63D1C /* UserListTVC.xib */; };
/* End PBXBuildFile section */

/* Begin PBXContainerItemProxy section */
		A70194792C2ACA9000FCD22E /* PBXContainerItemProxy */ = {
			isa = PBXContainerItemProxy;
			containerPortal = A701945A2C2ACA8F00FCD22E /* Project object */;
			proxyType = 1;
			remoteGlobalIDString = A70194612C2ACA8F00FCD22E;
			remoteInfo = Bullion;
		};
		A70194832C2ACA9000FCD22E /* PBXContainerItemProxy */ = {
			isa = PBXContainerItemProxy;
			containerPortal = A701945A2C2ACA8F00FCD22E /* Project object */;
			proxyType = 1;
			remoteGlobalIDString = A70194612C2ACA8F00FCD22E;
			remoteInfo = Bullion;
		};
/* End PBXContainerItemProxy section */

/* Begin PBXFileReference section */
		A70194622C2ACA8F00FCD22E /* Bullion.app */ = {isa = PBXFileReference; explicitFileType = wrapper.application; includeInIndex = 0; path = Bullion.app; sourceTree = BUILT_PRODUCTS_DIR; };
		A70194652C2ACA8F00FCD22E /* AppDelegate.swift */ = {isa = PBXFileReference; lastKnownFileType = sourcecode.swift; path = AppDelegate.swift; sourceTree = "<group>"; };
		A70194672C2ACA8F00FCD22E /* SceneDelegate.swift */ = {isa = PBXFileReference; lastKnownFileType = sourcecode.swift; path = SceneDelegate.swift; sourceTree = "<group>"; };
		A70194692C2ACA8F00FCD22E /* ViewController.swift */ = {isa = PBXFileReference; lastKnownFileType = sourcecode.swift; path = ViewController.swift; sourceTree = "<group>"; };
		A701946C2C2ACA8F00FCD22E /* Base */ = {isa = PBXFileReference; lastKnownFileType = file.storyboard; name = Base; path = Base.lproj/Main.storyboard; sourceTree = "<group>"; };
		A701946E2C2ACA9000FCD22E /* Assets.xcassets */ = {isa = PBXFileReference; lastKnownFileType = folder.assetcatalog; path = Assets.xcassets; sourceTree = "<group>"; };
		A70194712C2ACA9000FCD22E /* Base */ = {isa = PBXFileReference; lastKnownFileType = file.storyboard; name = Base; path = Base.lproj/LaunchScreen.storyboard; sourceTree = "<group>"; };
		A70194732C2ACA9000FCD22E /* Info.plist */ = {isa = PBXFileReference; lastKnownFileType = text.plist.xml; path = Info.plist; sourceTree = "<group>"; };
		A70194782C2ACA9000FCD22E /* BullionTests.xctest */ = {isa = PBXFileReference; explicitFileType = wrapper.cfbundle; includeInIndex = 0; path = BullionTests.xctest; sourceTree = BUILT_PRODUCTS_DIR; };
		A701947C2C2ACA9000FCD22E /* BullionTests.swift */ = {isa = PBXFileReference; lastKnownFileType = sourcecode.swift; path = BullionTests.swift; sourceTree = "<group>"; };
		A70194822C2ACA9000FCD22E /* BullionUITests.xctest */ = {isa = PBXFileReference; explicitFileType = wrapper.cfbundle; includeInIndex = 0; path = BullionUITests.xctest; sourceTree = BUILT_PRODUCTS_DIR; };
		A70194862C2ACA9000FCD22E /* BullionUITests.swift */ = {isa = PBXFileReference; lastKnownFileType = sourcecode.swift; path = BullionUITests.swift; sourceTree = "<group>"; };
		A70194882C2ACA9000FCD22E /* BullionUITestsLaunchTests.swift */ = {isa = PBXFileReference; lastKnownFileType = sourcecode.swift; path = BullionUITestsLaunchTests.swift; sourceTree = "<group>"; };
		A701949B2C2AD08C00FCD22E /* ApiManager.swift */ = {isa = PBXFileReference; lastKnownFileType = sourcecode.swift; path = ApiManager.swift; sourceTree = "<group>"; };
		A701949D2C2AD09800FCD22E /* Endpoint.swift */ = {isa = PBXFileReference; lastKnownFileType = sourcecode.swift; path = Endpoint.swift; sourceTree = "<group>"; };
		A70194A02C2AD34600FCD22E /* LoginPresenter.swift */ = {isa = PBXFileReference; lastKnownFileType = sourcecode.swift; path = LoginPresenter.swift; sourceTree = "<group>"; };
		A70194A12C2AD34600FCD22E /* LoginRouter.swift */ = {isa = PBXFileReference; lastKnownFileType = sourcecode.swift; path = LoginRouter.swift; sourceTree = "<group>"; };
		A70194A22C2AD34600FCD22E /* LoginInteractor.swift */ = {isa = PBXFileReference; lastKnownFileType = sourcecode.swift; path = LoginInteractor.swift; sourceTree = "<group>"; };
		A70194A32C2AD34600FCD22E /* LoginView.swift */ = {isa = PBXFileReference; lastKnownFileType = sourcecode.swift; path = LoginView.swift; sourceTree = "<group>"; };
		A70194A42C2AD34600FCD22E /* LoginView.xib */ = {isa = PBXFileReference; lastKnownFileType = file.xib; path = LoginView.xib; sourceTree = "<group>"; };
		A70194A52C2AD34600FCD22E /* LoginEntity.swift */ = {isa = PBXFileReference; lastKnownFileType = sourcecode.swift; path = LoginEntity.swift; sourceTree = "<group>"; };
		A70194AC2C2AD5ED00FCD22E /* UIColor+Ext.swift */ = {isa = PBXFileReference; lastKnownFileType = sourcecode.swift; path = "UIColor+Ext.swift"; sourceTree = "<group>"; };
		A70194AF2C2ADB6900FCD22E /* GeneralTextField.swift */ = {isa = PBXFileReference; lastKnownFileType = sourcecode.swift; path = GeneralTextField.swift; sourceTree = "<group>"; };
		A70194B12C2ADB7800FCD22E /* GeneralTextField.xib */ = {isa = PBXFileReference; lastKnownFileType = file.xib; path = GeneralTextField.xib; sourceTree = "<group>"; };
		A70194B42C2ADB9400FCD22E /* GeneralButton.swift */ = {isa = PBXFileReference; lastKnownFileType = sourcecode.swift; path = GeneralButton.swift; sourceTree = "<group>"; };
		A70194B62C2ADB9D00FCD22E /* GeneralButton.xib */ = {isa = PBXFileReference; lastKnownFileType = file.xib; path = GeneralButton.xib; sourceTree = "<group>"; };
		A70194C02C2AE0A000FCD22E /* Inter-ExtraLight.ttf */ = {isa = PBXFileReference; lastKnownFileType = file; path = "Inter-ExtraLight.ttf"; sourceTree = "<group>"; };
		A70194C12C2AE0A000FCD22E /* Inter-Light.ttf */ = {isa = PBXFileReference; lastKnownFileType = file; path = "Inter-Light.ttf"; sourceTree = "<group>"; };
		A70194C22C2AE0A000FCD22E /* Inter-Medium.ttf */ = {isa = PBXFileReference; lastKnownFileType = file; path = "Inter-Medium.ttf"; sourceTree = "<group>"; };
		A70194C32C2AE0A000FCD22E /* Inter-SemiBold.ttf */ = {isa = PBXFileReference; lastKnownFileType = file; path = "Inter-SemiBold.ttf"; sourceTree = "<group>"; };
		A70194C42C2AE0A000FCD22E /* Inter-Bold.ttf */ = {isa = PBXFileReference; lastKnownFileType = file; path = "Inter-Bold.ttf"; sourceTree = "<group>"; };
		A70194C52C2AE0A000FCD22E /* Inter-Regular.ttf */ = {isa = PBXFileReference; lastKnownFileType = file; path = "Inter-Regular.ttf"; sourceTree = "<group>"; };
		A70194C62C2AE0A000FCD22E /* Inter-ExtraBold.ttf */ = {isa = PBXFileReference; lastKnownFileType = file; path = "Inter-ExtraBold.ttf"; sourceTree = "<group>"; };
		A70194C72C2AE0A000FCD22E /* Inter-Thin.ttf */ = {isa = PBXFileReference; lastKnownFileType = file; path = "Inter-Thin.ttf"; sourceTree = "<group>"; };
		A70194C82C2AE0A000FCD22E /* Inter-Black.ttf */ = {isa = PBXFileReference; lastKnownFileType = file; path = "Inter-Black.ttf"; sourceTree = "<group>"; };
		A70194D22C2AE0B700FCD22E /* Roboto-Light.ttf */ = {isa = PBXFileReference; lastKnownFileType = file; path = "Roboto-Light.ttf"; sourceTree = "<group>"; };
		A70194D32C2AE0B700FCD22E /* Roboto-BoldItalic.ttf */ = {isa = PBXFileReference; lastKnownFileType = file; path = "Roboto-BoldItalic.ttf"; sourceTree = "<group>"; };
		A70194D42C2AE0B700FCD22E /* Roboto-Regular.ttf */ = {isa = PBXFileReference; lastKnownFileType = file; path = "Roboto-Regular.ttf"; sourceTree = "<group>"; };
		A70194D52C2AE0B700FCD22E /* Roboto-BlackItalic.ttf */ = {isa = PBXFileReference; lastKnownFileType = file; path = "Roboto-BlackItalic.ttf"; sourceTree = "<group>"; };
		A70194D62C2AE0B700FCD22E /* Roboto-Thin.ttf */ = {isa = PBXFileReference; lastKnownFileType = file; path = "Roboto-Thin.ttf"; sourceTree = "<group>"; };
		A70194D72C2AE0B700FCD22E /* Roboto-MediumItalic.ttf */ = {isa = PBXFileReference; lastKnownFileType = file; path = "Roboto-MediumItalic.ttf"; sourceTree = "<group>"; };
		A70194D82C2AE0B700FCD22E /* Roboto-LightItalic.ttf */ = {isa = PBXFileReference; lastKnownFileType = file; path = "Roboto-LightItalic.ttf"; sourceTree = "<group>"; };
		A70194D92C2AE0B700FCD22E /* Roboto-Black.ttf */ = {isa = PBXFileReference; lastKnownFileType = file; path = "Roboto-Black.ttf"; sourceTree = "<group>"; };
		A70194DA2C2AE0B800FCD22E /* Roboto-Medium.ttf */ = {isa = PBXFileReference; lastKnownFileType = file; path = "Roboto-Medium.ttf"; sourceTree = "<group>"; };
		A70194DB2C2AE0B800FCD22E /* Roboto-ThinItalic.ttf */ = {isa = PBXFileReference; lastKnownFileType = file; path = "Roboto-ThinItalic.ttf"; sourceTree = "<group>"; };
		A70194DC2C2AE0B800FCD22E /* Roboto-Italic.ttf */ = {isa = PBXFileReference; lastKnownFileType = file; path = "Roboto-Italic.ttf"; sourceTree = "<group>"; };
		A70194DD2C2AE0B800FCD22E /* Roboto-Bold.ttf */ = {isa = PBXFileReference; lastKnownFileType = file; path = "Roboto-Bold.ttf"; sourceTree = "<group>"; };
		A70194EA2C2AE3D900FCD22E /* UIView+Ext.swift */ = {isa = PBXFileReference; lastKnownFileType = sourcecode.swift; path = "UIView+Ext.swift"; sourceTree = "<group>"; };
		A70194ED2C2AE80700FCD22E /* UIFont+Ext.swift */ = {isa = PBXFileReference; lastKnownFileType = sourcecode.swift; path = "UIFont+Ext.swift"; sourceTree = "<group>"; };
		A70194F22C2AF51500FCD22E /* FormUserPresenter.swift */ = {isa = PBXFileReference; lastKnownFileType = sourcecode.swift; path = FormUserPresenter.swift; sourceTree = "<group>"; };
		A70194F32C2AF51500FCD22E /* FormUserRouter.swift */ = {isa = PBXFileReference; lastKnownFileType = sourcecode.swift; path = FormUserRouter.swift; sourceTree = "<group>"; };
		A70194F42C2AF51500FCD22E /* FormUserInteractor.swift */ = {isa = PBXFileReference; lastKnownFileType = sourcecode.swift; path = FormUserInteractor.swift; sourceTree = "<group>"; };
		A70194F52C2AF51500FCD22E /* FormUserView.swift */ = {isa = PBXFileReference; lastKnownFileType = sourcecode.swift; path = FormUserView.swift; sourceTree = "<group>"; };
		A70194F62C2AF51500FCD22E /* FormUserView.xib */ = {isa = PBXFileReference; lastKnownFileType = file.xib; path = FormUserView.xib; sourceTree = "<group>"; };
		A70194F72C2AF51500FCD22E /* FormUserEntity.swift */ = {isa = PBXFileReference; lastKnownFileType = sourcecode.swift; path = FormUserEntity.swift; sourceTree = "<group>"; };
		A70194FF2C2AFB4300FCD22E /* GradientLabel.swift */ = {isa = PBXFileReference; lastKnownFileType = sourcecode.swift; path = GradientLabel.swift; sourceTree = "<group>"; };
		A70195012C2AFED400FCD22E /* GesturePublisher.swift */ = {isa = PBXFileReference; lastKnownFileType = sourcecode.swift; path = GesturePublisher.swift; sourceTree = "<group>"; };
		A776BFC02C2B07A3004B08D3 /* HomePresenter.swift */ = {isa = PBXFileReference; lastKnownFileType = sourcecode.swift; path = HomePresenter.swift; sourceTree = "<group>"; };
		A776BFC12C2B07A3004B08D3 /* HomeRouter.swift */ = {isa = PBXFileReference; lastKnownFileType = sourcecode.swift; path = HomeRouter.swift; sourceTree = "<group>"; };
		A776BFC22C2B07A3004B08D3 /* HomeInteractor.swift */ = {isa = PBXFileReference; lastKnownFileType = sourcecode.swift; path = HomeInteractor.swift; sourceTree = "<group>"; };
		A776BFC32C2B07A3004B08D3 /* HomeView.swift */ = {isa = PBXFileReference; lastKnownFileType = sourcecode.swift; path = HomeView.swift; sourceTree = "<group>"; };
		A776BFC42C2B07A3004B08D3 /* HomeView.xib */ = {isa = PBXFileReference; lastKnownFileType = file.xib; path = HomeView.xib; sourceTree = "<group>"; };
		A776BFC52C2B07A3004B08D3 /* HomeEntity.swift */ = {isa = PBXFileReference; lastKnownFileType = sourcecode.swift; path = HomeEntity.swift; sourceTree = "<group>"; };
		A789C7642C2B353400EB9968 /* NewsCVC.swift */ = {isa = PBXFileReference; lastKnownFileType = sourcecode.swift; path = NewsCVC.swift; sourceTree = "<group>"; };
		A789C7652C2B353400EB9968 /* NewsCVC.xib */ = {isa = PBXFileReference; lastKnownFileType = file.xib; path = NewsCVC.xib; sourceTree = "<group>"; };
		A789C7692C2B3D4700EB9968 /* PopupDetail.swift */ = {isa = PBXFileReference; lastKnownFileType = sourcecode.swift; path = PopupDetail.swift; sourceTree = "<group>"; };
		A789C76A2C2B3D4700EB9968 /* PopupDetail.xib */ = {isa = PBXFileReference; lastKnownFileType = file.xib; path = PopupDetail.xib; sourceTree = "<group>"; };
		A789C76D2C2B530800EB9968 /* String+Ext.swift */ = {isa = PBXFileReference; lastKnownFileType = sourcecode.swift; path = "String+Ext.swift"; sourceTree = "<group>"; };
		A789C76F2C2BF72100EB9968 /* UIImageView+Ext.swift */ = {isa = PBXFileReference; lastKnownFileType = sourcecode.swift; path = "UIImageView+Ext.swift"; sourceTree = "<group>"; };
		A78AA4362C2B107100A63D1C /* UserListTVC.swift */ = {isa = PBXFileReference; lastKnownFileType = sourcecode.swift; path = UserListTVC.swift; sourceTree = "<group>"; };
		A78AA4372C2B107100A63D1C /* UserListTVC.xib */ = {isa = PBXFileReference; lastKnownFileType = file.xib; path = UserListTVC.xib; sourceTree = "<group>"; };
		AF630B1F80E7FAFD784C1061 /* Pods_Bullion.framework */ = {isa = PBXFileReference; explicitFileType = wrapper.framework; includeInIndex = 0; path = Pods_Bullion.framework; sourceTree = BUILT_PRODUCTS_DIR; };
		C6F85125DC854B3492628260 /* Pods-Bullion.debug.xcconfig */ = {isa = PBXFileReference; includeInIndex = 1; lastKnownFileType = text.xcconfig; name = "Pods-Bullion.debug.xcconfig"; path = "Target Support Files/Pods-Bullion/Pods-Bullion.debug.xcconfig"; sourceTree = "<group>"; };
		D74A091B9B56E1B5D78A006C /* Pods-Bullion.release.xcconfig */ = {isa = PBXFileReference; includeInIndex = 1; lastKnownFileType = text.xcconfig; name = "Pods-Bullion.release.xcconfig"; path = "Target Support Files/Pods-Bullion/Pods-Bullion.release.xcconfig"; sourceTree = "<group>"; };
/* End PBXFileReference section */

/* Begin PBXFrameworksBuildPhase section */
		A701945F2C2ACA8F00FCD22E /* Frameworks */ = {
			isa = PBXFrameworksBuildPhase;
			buildActionMask = 2147483647;
			files = (
				0DB68681E8B7CF3E1AA1FE98 /* Pods_Bullion.framework in Frameworks */,
			);
			runOnlyForDeploymentPostprocessing = 0;
		};
		A70194752C2ACA9000FCD22E /* Frameworks */ = {
			isa = PBXFrameworksBuildPhase;
			buildActionMask = 2147483647;
			files = (
			);
			runOnlyForDeploymentPostprocessing = 0;
		};
		A701947F2C2ACA9000FCD22E /* Frameworks */ = {
			isa = PBXFrameworksBuildPhase;
			buildActionMask = 2147483647;
			files = (
			);
			runOnlyForDeploymentPostprocessing = 0;
		};
/* End PBXFrameworksBuildPhase section */

/* Begin PBXGroup section */
		2FD9D5E9507B25CAB813AFE2 /* Pods */ = {
			isa = PBXGroup;
			children = (
				C6F85125DC854B3492628260 /* Pods-Bullion.debug.xcconfig */,
				D74A091B9B56E1B5D78A006C /* Pods-Bullion.release.xcconfig */,
			);
			path = Pods;
			sourceTree = "<group>";
		};
		467D5393A3E48447FBDABACC /* Frameworks */ = {
			isa = PBXGroup;
			children = (
				AF630B1F80E7FAFD784C1061 /* Pods_Bullion.framework */,
			);
			name = Frameworks;
			sourceTree = "<group>";
		};
		A70194592C2ACA8F00FCD22E = {
			isa = PBXGroup;
			children = (
				A70194642C2ACA8F00FCD22E /* Bullion */,
				A701947B2C2ACA9000FCD22E /* BullionTests */,
				A70194852C2ACA9000FCD22E /* BullionUITests */,
				A70194632C2ACA8F00FCD22E /* Products */,
				2FD9D5E9507B25CAB813AFE2 /* Pods */,
				467D5393A3E48447FBDABACC /* Frameworks */,
			);
			sourceTree = "<group>";
		};
		A70194632C2ACA8F00FCD22E /* Products */ = {
			isa = PBXGroup;
			children = (
				A70194622C2ACA8F00FCD22E /* Bullion.app */,
				A70194782C2ACA9000FCD22E /* BullionTests.xctest */,
				A70194822C2ACA9000FCD22E /* BullionUITests.xctest */,
			);
			name = Products;
			sourceTree = "<group>";
		};
		A70194642C2ACA8F00FCD22E /* Bullion */ = {
			isa = PBXGroup;
			children = (
				A70194952C2ACF2000FCD22E /* App */,
				A70194972C2ACF3300FCD22E /* Common */,
				A70194962C2ACF2900FCD22E /* Extension */,
				A70194982C2ACF4200FCD22E /* Module */,
				A70194992C2ACF4E00FCD22E /* Networking */,
				A701949A2C2ACF5800FCD22E /* Resource */,
				A70194692C2ACA8F00FCD22E /* ViewController.swift */,
				A70194702C2ACA9000FCD22E /* LaunchScreen.storyboard */,
				A701946B2C2ACA8F00FCD22E /* Main.storyboard */,
			);
			path = Bullion;
			sourceTree = "<group>";
		};
		A701947B2C2ACA9000FCD22E /* BullionTests */ = {
			isa = PBXGroup;
			children = (
				A701947C2C2ACA9000FCD22E /* BullionTests.swift */,
			);
			path = BullionTests;
			sourceTree = "<group>";
		};
		A70194852C2ACA9000FCD22E /* BullionUITests */ = {
			isa = PBXGroup;
			children = (
				A70194862C2ACA9000FCD22E /* BullionUITests.swift */,
				A70194882C2ACA9000FCD22E /* BullionUITestsLaunchTests.swift */,
			);
			path = BullionUITests;
			sourceTree = "<group>";
		};
		A70194952C2ACF2000FCD22E /* App */ = {
			isa = PBXGroup;
			children = (
				A70194672C2ACA8F00FCD22E /* SceneDelegate.swift */,
				A70194652C2ACA8F00FCD22E /* AppDelegate.swift */,
			);
			path = App;
			sourceTree = "<group>";
		};
		A70194962C2ACF2900FCD22E /* Extension */ = {
			isa = PBXGroup;
			children = (
				A70194AC2C2AD5ED00FCD22E /* UIColor+Ext.swift */,
				A70194EA2C2AE3D900FCD22E /* UIView+Ext.swift */,
				A70194ED2C2AE80700FCD22E /* UIFont+Ext.swift */,
				A70195012C2AFED400FCD22E /* GesturePublisher.swift */,
				A789C76D2C2B530800EB9968 /* String+Ext.swift */,
				A789C76F2C2BF72100EB9968 /* UIImageView+Ext.swift */,
			);
			path = Extension;
			sourceTree = "<group>";
		};
		A70194972C2ACF3300FCD22E /* Common */ = {
			isa = PBXGroup;
			children = (
				A70194FE2C2AFB2800FCD22E /* GradientLabel */,
				A70194B32C2ADB8000FCD22E /* GeneralButton */,
				A70194AE2C2ADB4A00FCD22E /* GeneralTextField */,
			);
			path = Common;
			sourceTree = "<group>";
		};
		A70194982C2ACF4200FCD22E /* Module */ = {
			isa = PBXGroup;
			children = (
				A70194F02C2AF4D100FCD22E /* FormUser */,
				A70194EF2C2AF4A900FCD22E /* Home */,
				A701949F2C2AD33600FCD22E /* Login */,
			);
			path = Module;
			sourceTree = "<group>";
		};
		A70194992C2ACF4E00FCD22E /* Networking */ = {
			isa = PBXGroup;
			children = (
				A701949B2C2AD08C00FCD22E /* ApiManager.swift */,
				A701949D2C2AD09800FCD22E /* Endpoint.swift */,
			);
			path = Networking;
			sourceTree = "<group>";
		};
		A701949A2C2ACF5800FCD22E /* Resource */ = {
			isa = PBXGroup;
			children = (
				A70194BD2C2ADFDB00FCD22E /* Font */,
				A70194732C2ACA9000FCD22E /* Info.plist */,
				A701946E2C2ACA9000FCD22E /* Assets.xcassets */,
			);
			path = Resource;
			sourceTree = "<group>";
		};
		A701949F2C2AD33600FCD22E /* Login */ = {
			isa = PBXGroup;
			children = (
				A70194A02C2AD34600FCD22E /* LoginPresenter.swift */,
				A70194A12C2AD34600FCD22E /* LoginRouter.swift */,
				A70194A22C2AD34600FCD22E /* LoginInteractor.swift */,
				A70194A32C2AD34600FCD22E /* LoginView.swift */,
				A70194A42C2AD34600FCD22E /* LoginView.xib */,
				A70194A52C2AD34600FCD22E /* LoginEntity.swift */,
			);
			path = Login;
			sourceTree = "<group>";
		};
		A70194AE2C2ADB4A00FCD22E /* GeneralTextField */ = {
			isa = PBXGroup;
			children = (
				A70194AF2C2ADB6900FCD22E /* GeneralTextField.swift */,
				A70194B12C2ADB7800FCD22E /* GeneralTextField.xib */,
			);
			path = GeneralTextField;
			sourceTree = "<group>";
		};
		A70194B32C2ADB8000FCD22E /* GeneralButton */ = {
			isa = PBXGroup;
			children = (
				A70194B42C2ADB9400FCD22E /* GeneralButton.swift */,
				A70194B62C2ADB9D00FCD22E /* GeneralButton.xib */,
			);
			path = GeneralButton;
			sourceTree = "<group>";
		};
		A70194BD2C2ADFDB00FCD22E /* Font */ = {
			isa = PBXGroup;
			children = (
				A70194BF2C2AE08C00FCD22E /* Roboto */,
				A70194BE2C2AE08600FCD22E /* Inter */,
			);
			path = Font;
			sourceTree = "<group>";
		};
		A70194BE2C2AE08600FCD22E /* Inter */ = {
			isa = PBXGroup;
			children = (
				A70194C82C2AE0A000FCD22E /* Inter-Black.ttf */,
				A70194C42C2AE0A000FCD22E /* Inter-Bold.ttf */,
				A70194C62C2AE0A000FCD22E /* Inter-ExtraBold.ttf */,
				A70194C02C2AE0A000FCD22E /* Inter-ExtraLight.ttf */,
				A70194C12C2AE0A000FCD22E /* Inter-Light.ttf */,
				A70194C22C2AE0A000FCD22E /* Inter-Medium.ttf */,
				A70194C52C2AE0A000FCD22E /* Inter-Regular.ttf */,
				A70194C32C2AE0A000FCD22E /* Inter-SemiBold.ttf */,
				A70194C72C2AE0A000FCD22E /* Inter-Thin.ttf */,
			);
			path = Inter;
			sourceTree = "<group>";
		};
		A70194BF2C2AE08C00FCD22E /* Roboto */ = {
			isa = PBXGroup;
			children = (
				A70194D92C2AE0B700FCD22E /* Roboto-Black.ttf */,
				A70194D52C2AE0B700FCD22E /* Roboto-BlackItalic.ttf */,
				A70194DD2C2AE0B800FCD22E /* Roboto-Bold.ttf */,
				A70194D32C2AE0B700FCD22E /* Roboto-BoldItalic.ttf */,
				A70194DC2C2AE0B800FCD22E /* Roboto-Italic.ttf */,
				A70194D22C2AE0B700FCD22E /* Roboto-Light.ttf */,
				A70194D82C2AE0B700FCD22E /* Roboto-LightItalic.ttf */,
				A70194DA2C2AE0B800FCD22E /* Roboto-Medium.ttf */,
				A70194D72C2AE0B700FCD22E /* Roboto-MediumItalic.ttf */,
				A70194D42C2AE0B700FCD22E /* Roboto-Regular.ttf */,
				A70194D62C2AE0B700FCD22E /* Roboto-Thin.ttf */,
				A70194DB2C2AE0B800FCD22E /* Roboto-ThinItalic.ttf */,
			);
			path = Roboto;
			sourceTree = "<group>";
		};
		A70194EF2C2AF4A900FCD22E /* Home */ = {
			isa = PBXGroup;
			children = (
				A78AA4332C2B102F00A63D1C /* Component */,
				A776BFC02C2B07A3004B08D3 /* HomePresenter.swift */,
				A776BFC12C2B07A3004B08D3 /* HomeRouter.swift */,
				A776BFC22C2B07A3004B08D3 /* HomeInteractor.swift */,
				A776BFC32C2B07A3004B08D3 /* HomeView.swift */,
				A776BFC42C2B07A3004B08D3 /* HomeView.xib */,
				A776BFC52C2B07A3004B08D3 /* HomeEntity.swift */,
			);
			path = Home;
			sourceTree = "<group>";
		};
		A70194F02C2AF4D100FCD22E /* FormUser */ = {
			isa = PBXGroup;
			children = (
				A70194F22C2AF51500FCD22E /* FormUserPresenter.swift */,
				A70194F32C2AF51500FCD22E /* FormUserRouter.swift */,
				A70194F42C2AF51500FCD22E /* FormUserInteractor.swift */,
				A70194F52C2AF51500FCD22E /* FormUserView.swift */,
				A70194F62C2AF51500FCD22E /* FormUserView.xib */,
				A70194F72C2AF51500FCD22E /* FormUserEntity.swift */,
			);
			path = FormUser;
			sourceTree = "<group>";
		};
		A70194FE2C2AFB2800FCD22E /* GradientLabel */ = {
			isa = PBXGroup;
			children = (
				A70194FF2C2AFB4300FCD22E /* GradientLabel.swift */,
			);
			path = GradientLabel;
			sourceTree = "<group>";
		};
		A789C7682C2B3C7400EB9968 /* PopupDetail */ = {
			isa = PBXGroup;
			children = (
				A789C7692C2B3D4700EB9968 /* PopupDetail.swift */,
				A789C76A2C2B3D4700EB9968 /* PopupDetail.xib */,
			);
			path = PopupDetail;
			sourceTree = "<group>";
		};
		A78AA4332C2B102F00A63D1C /* Component */ = {
			isa = PBXGroup;
			children = (
				A789C7682C2B3C7400EB9968 /* PopupDetail */,
				A78AA4352C2B105300A63D1C /* NewsCVC */,
				A78AA4342C2B103A00A63D1C /* UserListTVC */,
			);
			path = Component;
			sourceTree = "<group>";
		};
		A78AA4342C2B103A00A63D1C /* UserListTVC */ = {
			isa = PBXGroup;
			children = (
				A78AA4362C2B107100A63D1C /* UserListTVC.swift */,
				A78AA4372C2B107100A63D1C /* UserListTVC.xib */,
			);
			path = UserListTVC;
			sourceTree = "<group>";
		};
		A78AA4352C2B105300A63D1C /* NewsCVC */ = {
			isa = PBXGroup;
			children = (
				A789C7642C2B353400EB9968 /* NewsCVC.swift */,
				A789C7652C2B353400EB9968 /* NewsCVC.xib */,
			);
			path = NewsCVC;
			sourceTree = "<group>";
		};
/* End PBXGroup section */

/* Begin PBXNativeTarget section */
		A70194612C2ACA8F00FCD22E /* Bullion */ = {
			isa = PBXNativeTarget;
			buildConfigurationList = A701948C2C2ACA9000FCD22E /* Build configuration list for PBXNativeTarget "Bullion" */;
			buildPhases = (
				54B99B23A8DE070DE97CA409 /* [CP] Check Pods Manifest.lock */,
				A701945E2C2ACA8F00FCD22E /* Sources */,
				A701945F2C2ACA8F00FCD22E /* Frameworks */,
				A70194602C2ACA8F00FCD22E /* Resources */,
				8F7EA9A779702C8A18407AA7 /* [CP] Embed Pods Frameworks */,
			);
			buildRules = (
			);
			dependencies = (
			);
			name = Bullion;
			productName = Bullion;
			productReference = A70194622C2ACA8F00FCD22E /* Bullion.app */;
			productType = "com.apple.product-type.application";
		};
		A70194772C2ACA9000FCD22E /* BullionTests */ = {
			isa = PBXNativeTarget;
			buildConfigurationList = A701948F2C2ACA9000FCD22E /* Build configuration list for PBXNativeTarget "BullionTests" */;
			buildPhases = (
				A70194742C2ACA9000FCD22E /* Sources */,
				A70194752C2ACA9000FCD22E /* Frameworks */,
				A70194762C2ACA9000FCD22E /* Resources */,
			);
			buildRules = (
			);
			dependencies = (
				A701947A2C2ACA9000FCD22E /* PBXTargetDependency */,
			);
			name = BullionTests;
			productName = BullionTests;
			productReference = A70194782C2ACA9000FCD22E /* BullionTests.xctest */;
			productType = "com.apple.product-type.bundle.unit-test";
		};
		A70194812C2ACA9000FCD22E /* BullionUITests */ = {
			isa = PBXNativeTarget;
			buildConfigurationList = A70194922C2ACA9000FCD22E /* Build configuration list for PBXNativeTarget "BullionUITests" */;
			buildPhases = (
				A701947E2C2ACA9000FCD22E /* Sources */,
				A701947F2C2ACA9000FCD22E /* Frameworks */,
				A70194802C2ACA9000FCD22E /* Resources */,
			);
			buildRules = (
			);
			dependencies = (
				A70194842C2ACA9000FCD22E /* PBXTargetDependency */,
			);
			name = BullionUITests;
			productName = BullionUITests;
			productReference = A70194822C2ACA9000FCD22E /* BullionUITests.xctest */;
			productType = "com.apple.product-type.bundle.ui-testing";
		};
/* End PBXNativeTarget section */

/* Begin PBXProject section */
		A701945A2C2ACA8F00FCD22E /* Project object */ = {
			isa = PBXProject;
			attributes = {
				BuildIndependentTargetsInParallel = 1;
				LastSwiftUpdateCheck = 1510;
				LastUpgradeCheck = 1510;
				TargetAttributes = {
					A70194612C2ACA8F00FCD22E = {
						CreatedOnToolsVersion = 15.1;
					};
					A70194772C2ACA9000FCD22E = {
						CreatedOnToolsVersion = 15.1;
						TestTargetID = A70194612C2ACA8F00FCD22E;
					};
					A70194812C2ACA9000FCD22E = {
						CreatedOnToolsVersion = 15.1;
						TestTargetID = A70194612C2ACA8F00FCD22E;
					};
				};
			};
			buildConfigurationList = A701945D2C2ACA8F00FCD22E /* Build configuration list for PBXProject "Bullion" */;
			compatibilityVersion = "Xcode 14.0";
			developmentRegion = en;
			hasScannedForEncodings = 0;
			knownRegions = (
				en,
				Base,
			);
			mainGroup = A70194592C2ACA8F00FCD22E;
			productRefGroup = A70194632C2ACA8F00FCD22E /* Products */;
			projectDirPath = "";
			projectRoot = "";
			targets = (
				A70194612C2ACA8F00FCD22E /* Bullion */,
				A70194772C2ACA9000FCD22E /* BullionTests */,
				A70194812C2ACA9000FCD22E /* BullionUITests */,
			);
		};
/* End PBXProject section */

/* Begin PBXResourcesBuildPhase section */
		A70194602C2ACA8F00FCD22E /* Resources */ = {
			isa = PBXResourcesBuildPhase;
			buildActionMask = 2147483647;
			files = (
				A70194DF2C2AE0B800FCD22E /* Roboto-BoldItalic.ttf in Resources */,
				A70194722C2ACA9000FCD22E /* LaunchScreen.storyboard in Resources */,
				A70194CA2C2AE0A000FCD22E /* Inter-Light.ttf in Resources */,
				A701946F2C2ACA9000FCD22E /* Assets.xcassets in Resources */,
				A70194CF2C2AE0A000FCD22E /* Inter-ExtraBold.ttf in Resources */,
				A70194E62C2AE0B800FCD22E /* Roboto-Medium.ttf in Resources */,
				A78AA4392C2B107100A63D1C /* UserListTVC.xib in Resources */,
				A789C76C2C2B3D4700EB9968 /* PopupDetail.xib in Resources */,
				A70194CC2C2AE0A000FCD22E /* Inter-SemiBold.ttf in Resources */,
				A70194B72C2ADB9D00FCD22E /* GeneralButton.xib in Resources */,
				A70194E12C2AE0B800FCD22E /* Roboto-BlackItalic.ttf in Resources */,
				A70194C92C2AE0A000FCD22E /* Inter-ExtraLight.ttf in Resources */,
				A70194E82C2AE0B800FCD22E /* Roboto-Italic.ttf in Resources */,
				A70194D12C2AE0A000FCD22E /* Inter-Black.ttf in Resources */,
				A789C7672C2B353400EB9968 /* NewsCVC.xib in Resources */,
				A70194CD2C2AE0A000FCD22E /* Inter-Bold.ttf in Resources */,
				A70194E72C2AE0B800FCD22E /* Roboto-ThinItalic.ttf in Resources */,
				A70194E92C2AE0B800FCD22E /* Roboto-Bold.ttf in Resources */,
				A70194E52C2AE0B800FCD22E /* Roboto-Black.ttf in Resources */,
				A70194E42C2AE0B800FCD22E /* Roboto-LightItalic.ttf in Resources */,
				A70194D02C2AE0A000FCD22E /* Inter-Thin.ttf in Resources */,
				A70194AA2C2AD34600FCD22E /* LoginView.xib in Resources */,
				A776BFCA2C2B07A4004B08D3 /* HomeView.xib in Resources */,
				A70194CE2C2AE0A000FCD22E /* Inter-Regular.ttf in Resources */,
				A70194E22C2AE0B800FCD22E /* Roboto-Thin.ttf in Resources */,
				A70194DE2C2AE0B800FCD22E /* Roboto-Light.ttf in Resources */,
				A70194B22C2ADB7800FCD22E /* GeneralTextField.xib in Resources */,
				A70194FC2C2AF51500FCD22E /* FormUserView.xib in Resources */,
				A70194E02C2AE0B800FCD22E /* Roboto-Regular.ttf in Resources */,
				A701946D2C2ACA8F00FCD22E /* Main.storyboard in Resources */,
				A70194CB2C2AE0A000FCD22E /* Inter-Medium.ttf in Resources */,
				A70194E32C2AE0B800FCD22E /* Roboto-MediumItalic.ttf in Resources */,
			);
			runOnlyForDeploymentPostprocessing = 0;
		};
		A70194762C2ACA9000FCD22E /* Resources */ = {
			isa = PBXResourcesBuildPhase;
			buildActionMask = 2147483647;
			files = (
			);
			runOnlyForDeploymentPostprocessing = 0;
		};
		A70194802C2ACA9000FCD22E /* Resources */ = {
			isa = PBXResourcesBuildPhase;
			buildActionMask = 2147483647;
			files = (
			);
			runOnlyForDeploymentPostprocessing = 0;
		};
/* End PBXResourcesBuildPhase section */

/* Begin PBXShellScriptBuildPhase section */
		54B99B23A8DE070DE97CA409 /* [CP] Check Pods Manifest.lock */ = {
			isa = PBXShellScriptBuildPhase;
			buildActionMask = 2147483647;
			files = (
			);
			inputFileListPaths = (
			);
			inputPaths = (
				"${PODS_PODFILE_DIR_PATH}/Podfile.lock",
				"${PODS_ROOT}/Manifest.lock",
			);
			name = "[CP] Check Pods Manifest.lock";
			outputFileListPaths = (
			);
			outputPaths = (
				"$(DERIVED_FILE_DIR)/Pods-Bullion-checkManifestLockResult.txt",
			);
			runOnlyForDeploymentPostprocessing = 0;
			shellPath = /bin/sh;
			shellScript = "diff \"${PODS_PODFILE_DIR_PATH}/Podfile.lock\" \"${PODS_ROOT}/Manifest.lock\" > /dev/null\nif [ $? != 0 ] ; then\n    # print error to STDERR\n    echo \"error: The sandbox is not in sync with the Podfile.lock. Run 'pod install' or update your CocoaPods installation.\" >&2\n    exit 1\nfi\n# This output is used by Xcode 'outputs' to avoid re-running this script phase.\necho \"SUCCESS\" > \"${SCRIPT_OUTPUT_FILE_0}\"\n";
			showEnvVarsInLog = 0;
		};
		8F7EA9A779702C8A18407AA7 /* [CP] Embed Pods Frameworks */ = {
			isa = PBXShellScriptBuildPhase;
			buildActionMask = 2147483647;
			files = (
			);
			inputFileListPaths = (
				"${PODS_ROOT}/Target Support Files/Pods-Bullion/Pods-Bullion-frameworks-${CONFIGURATION}-input-files.xcfilelist",
			);
			name = "[CP] Embed Pods Frameworks";
			outputFileListPaths = (
				"${PODS_ROOT}/Target Support Files/Pods-Bullion/Pods-Bullion-frameworks-${CONFIGURATION}-output-files.xcfilelist",
			);
			runOnlyForDeploymentPostprocessing = 0;
			shellPath = /bin/sh;
			shellScript = "\"${PODS_ROOT}/Target Support Files/Pods-Bullion/Pods-Bullion-frameworks.sh\"\n";
			showEnvVarsInLog = 0;
		};
/* End PBXShellScriptBuildPhase section */

/* Begin PBXSourcesBuildPhase section */
		A701945E2C2ACA8F00FCD22E /* Sources */ = {
			isa = PBXSourcesBuildPhase;
			buildActionMask = 2147483647;
			files = (
				A70194FB2C2AF51500FCD22E /* FormUserView.swift in Sources */,
				A70194EE2C2AE80700FCD22E /* UIFont+Ext.swift in Sources */,
				A776BFC62C2B07A4004B08D3 /* HomePresenter.swift in Sources */,
				A70194F92C2AF51500FCD22E /* FormUserRouter.swift in Sources */,
				A70194AB2C2AD34600FCD22E /* LoginEntity.swift in Sources */,
				A70194EB2C2AE3D900FCD22E /* UIView+Ext.swift in Sources */,
				A70194A62C2AD34600FCD22E /* LoginPresenter.swift in Sources */,
				A776BFCB2C2B07A4004B08D3 /* HomeEntity.swift in Sources */,
				A789C7702C2BF72100EB9968 /* UIImageView+Ext.swift in Sources */,
				A789C76E2C2B530800EB9968 /* String+Ext.swift in Sources */,
				A701949C2C2AD08C00FCD22E /* ApiManager.swift in Sources */,
				A776BFC82C2B07A4004B08D3 /* HomeInteractor.swift in Sources */,
				A701946A2C2ACA8F00FCD22E /* ViewController.swift in Sources */,
				A70194B52C2ADB9400FCD22E /* GeneralButton.swift in Sources */,
				A70194B02C2ADB6900FCD22E /* GeneralTextField.swift in Sources */,
				A70194AD2C2AD5ED00FCD22E /* UIColor+Ext.swift in Sources */,
				A70194FD2C2AF51500FCD22E /* FormUserEntity.swift in Sources */,
				A776BFC72C2B07A4004B08D3 /* HomeRouter.swift in Sources */,
				A776BFC92C2B07A4004B08D3 /* HomeView.swift in Sources */,
				A70194A92C2AD34600FCD22E /* LoginView.swift in Sources */,
				A70194662C2ACA8F00FCD22E /* AppDelegate.swift in Sources */,
				A70194A82C2AD34600FCD22E /* LoginInteractor.swift in Sources */,
				A789C7662C2B353400EB9968 /* NewsCVC.swift in Sources */,
				A78AA4382C2B107100A63D1C /* UserListTVC.swift in Sources */,
				A70194682C2ACA8F00FCD22E /* SceneDelegate.swift in Sources */,
				A70194F82C2AF51500FCD22E /* FormUserPresenter.swift in Sources */,
				A70194A72C2AD34600FCD22E /* LoginRouter.swift in Sources */,
				A789C76B2C2B3D4700EB9968 /* PopupDetail.swift in Sources */,
				A70195022C2AFED400FCD22E /* GesturePublisher.swift in Sources */,
				A701949E2C2AD09800FCD22E /* Endpoint.swift in Sources */,
				A70195002C2AFB4300FCD22E /* GradientLabel.swift in Sources */,
				A70194FA2C2AF51500FCD22E /* FormUserInteractor.swift in Sources */,
			);
			runOnlyForDeploymentPostprocessing = 0;
		};
		A70194742C2ACA9000FCD22E /* Sources */ = {
			isa = PBXSourcesBuildPhase;
			buildActionMask = 2147483647;
			files = (
				A701947D2C2ACA9000FCD22E /* BullionTests.swift in Sources */,
			);
			runOnlyForDeploymentPostprocessing = 0;
		};
		A701947E2C2ACA9000FCD22E /* Sources */ = {
			isa = PBXSourcesBuildPhase;
			buildActionMask = 2147483647;
			files = (
				A70194892C2ACA9000FCD22E /* BullionUITestsLaunchTests.swift in Sources */,
				A70194872C2ACA9000FCD22E /* BullionUITests.swift in Sources */,
			);
			runOnlyForDeploymentPostprocessing = 0;
		};
/* End PBXSourcesBuildPhase section */

/* Begin PBXTargetDependency section */
		A701947A2C2ACA9000FCD22E /* PBXTargetDependency */ = {
			isa = PBXTargetDependency;
			target = A70194612C2ACA8F00FCD22E /* Bullion */;
			targetProxy = A70194792C2ACA9000FCD22E /* PBXContainerItemProxy */;
		};
		A70194842C2ACA9000FCD22E /* PBXTargetDependency */ = {
			isa = PBXTargetDependency;
			target = A70194612C2ACA8F00FCD22E /* Bullion */;
			targetProxy = A70194832C2ACA9000FCD22E /* PBXContainerItemProxy */;
		};
/* End PBXTargetDependency section */

/* Begin PBXVariantGroup section */
		A701946B2C2ACA8F00FCD22E /* Main.storyboard */ = {
			isa = PBXVariantGroup;
			children = (
				A701946C2C2ACA8F00FCD22E /* Base */,
			);
			name = Main.storyboard;
			sourceTree = "<group>";
		};
		A70194702C2ACA9000FCD22E /* LaunchScreen.storyboard */ = {
			isa = PBXVariantGroup;
			children = (
				A70194712C2ACA9000FCD22E /* Base */,
			);
			name = LaunchScreen.storyboard;
			sourceTree = "<group>";
		};
/* End PBXVariantGroup section */

/* Begin XCBuildConfiguration section */
		A701948A2C2ACA9000FCD22E /* Debug */ = {
			isa = XCBuildConfiguration;
			buildSettings = {
				ALWAYS_SEARCH_USER_PATHS = NO;
				ASSETCATALOG_COMPILER_GENERATE_SWIFT_ASSET_SYMBOL_EXTENSIONS = YES;
				CLANG_ANALYZER_NONNULL = YES;
				CLANG_ANALYZER_NUMBER_OBJECT_CONVERSION = YES_AGGRESSIVE;
				CLANG_CXX_LANGUAGE_STANDARD = "gnu++20";
				CLANG_ENABLE_MODULES = YES;
				CLANG_ENABLE_OBJC_ARC = YES;
				CLANG_ENABLE_OBJC_WEAK = YES;
				CLANG_WARN_BLOCK_CAPTURE_AUTORELEASING = YES;
				CLANG_WARN_BOOL_CONVERSION = YES;
				CLANG_WARN_COMMA = YES;
				CLANG_WARN_CONSTANT_CONVERSION = YES;
				CLANG_WARN_DEPRECATED_OBJC_IMPLEMENTATIONS = YES;
				CLANG_WARN_DIRECT_OBJC_ISA_USAGE = YES_ERROR;
				CLANG_WARN_DOCUMENTATION_COMMENTS = YES;
				CLANG_WARN_EMPTY_BODY = YES;
				CLANG_WARN_ENUM_CONVERSION = YES;
				CLANG_WARN_INFINITE_RECURSION = YES;
				CLANG_WARN_INT_CONVERSION = YES;
				CLANG_WARN_NON_LITERAL_NULL_CONVERSION = YES;
				CLANG_WARN_OBJC_IMPLICIT_RETAIN_SELF = YES;
				CLANG_WARN_OBJC_LITERAL_CONVERSION = YES;
				CLANG_WARN_OBJC_ROOT_CLASS = YES_ERROR;
				CLANG_WARN_QUOTED_INCLUDE_IN_FRAMEWORK_HEADER = YES;
				CLANG_WARN_RANGE_LOOP_ANALYSIS = YES;
				CLANG_WARN_STRICT_PROTOTYPES = YES;
				CLANG_WARN_SUSPICIOUS_MOVE = YES;
				CLANG_WARN_UNGUARDED_AVAILABILITY = YES_AGGRESSIVE;
				CLANG_WARN_UNREACHABLE_CODE = YES;
				CLANG_WARN__DUPLICATE_METHOD_MATCH = YES;
				COPY_PHASE_STRIP = NO;
				DEBUG_INFORMATION_FORMAT = dwarf;
				ENABLE_STRICT_OBJC_MSGSEND = YES;
				ENABLE_TESTABILITY = YES;
				ENABLE_USER_SCRIPT_SANDBOXING = YES;
				GCC_C_LANGUAGE_STANDARD = gnu17;
				GCC_DYNAMIC_NO_PIC = NO;
				GCC_NO_COMMON_BLOCKS = YES;
				GCC_OPTIMIZATION_LEVEL = 0;
				GCC_PREPROCESSOR_DEFINITIONS = (
					"DEBUG=1",
					"$(inherited)",
				);
				GCC_WARN_64_TO_32_BIT_CONVERSION = YES;
				GCC_WARN_ABOUT_RETURN_TYPE = YES_ERROR;
				GCC_WARN_UNDECLARED_SELECTOR = YES;
				GCC_WARN_UNINITIALIZED_AUTOS = YES_AGGRESSIVE;
				GCC_WARN_UNUSED_FUNCTION = YES;
				GCC_WARN_UNUSED_VARIABLE = YES;
				IPHONEOS_DEPLOYMENT_TARGET = 17.2;
				LOCALIZATION_PREFERS_STRING_CATALOGS = YES;
				MTL_ENABLE_DEBUG_INFO = INCLUDE_SOURCE;
				MTL_FAST_MATH = YES;
				ONLY_ACTIVE_ARCH = YES;
				SDKROOT = iphoneos;
				SWIFT_ACTIVE_COMPILATION_CONDITIONS = "DEBUG $(inherited)";
				SWIFT_OPTIMIZATION_LEVEL = "-Onone";
			};
			name = Debug;
		};
		A701948B2C2ACA9000FCD22E /* Release */ = {
			isa = XCBuildConfiguration;
			buildSettings = {
				ALWAYS_SEARCH_USER_PATHS = NO;
				ASSETCATALOG_COMPILER_GENERATE_SWIFT_ASSET_SYMBOL_EXTENSIONS = YES;
				CLANG_ANALYZER_NONNULL = YES;
				CLANG_ANALYZER_NUMBER_OBJECT_CONVERSION = YES_AGGRESSIVE;
				CLANG_CXX_LANGUAGE_STANDARD = "gnu++20";
				CLANG_ENABLE_MODULES = YES;
				CLANG_ENABLE_OBJC_ARC = YES;
				CLANG_ENABLE_OBJC_WEAK = YES;
				CLANG_WARN_BLOCK_CAPTURE_AUTORELEASING = YES;
				CLANG_WARN_BOOL_CONVERSION = YES;
				CLANG_WARN_COMMA = YES;
				CLANG_WARN_CONSTANT_CONVERSION = YES;
				CLANG_WARN_DEPRECATED_OBJC_IMPLEMENTATIONS = YES;
				CLANG_WARN_DIRECT_OBJC_ISA_USAGE = YES_ERROR;
				CLANG_WARN_DOCUMENTATION_COMMENTS = YES;
				CLANG_WARN_EMPTY_BODY = YES;
				CLANG_WARN_ENUM_CONVERSION = YES;
				CLANG_WARN_INFINITE_RECURSION = YES;
				CLANG_WARN_INT_CONVERSION = YES;
				CLANG_WARN_NON_LITERAL_NULL_CONVERSION = YES;
				CLANG_WARN_OBJC_IMPLICIT_RETAIN_SELF = YES;
				CLANG_WARN_OBJC_LITERAL_CONVERSION = YES;
				CLANG_WARN_OBJC_ROOT_CLASS = YES_ERROR;
				CLANG_WARN_QUOTED_INCLUDE_IN_FRAMEWORK_HEADER = YES;
				CLANG_WARN_RANGE_LOOP_ANALYSIS = YES;
				CLANG_WARN_STRICT_PROTOTYPES = YES;
				CLANG_WARN_SUSPICIOUS_MOVE = YES;
				CLANG_WARN_UNGUARDED_AVAILABILITY = YES_AGGRESSIVE;
				CLANG_WARN_UNREACHABLE_CODE = YES;
				CLANG_WARN__DUPLICATE_METHOD_MATCH = YES;
				COPY_PHASE_STRIP = NO;
				DEBUG_INFORMATION_FORMAT = "dwarf-with-dsym";
				ENABLE_NS_ASSERTIONS = NO;
				ENABLE_STRICT_OBJC_MSGSEND = YES;
				ENABLE_USER_SCRIPT_SANDBOXING = YES;
				GCC_C_LANGUAGE_STANDARD = gnu17;
				GCC_NO_COMMON_BLOCKS = YES;
				GCC_WARN_64_TO_32_BIT_CONVERSION = YES;
				GCC_WARN_ABOUT_RETURN_TYPE = YES_ERROR;
				GCC_WARN_UNDECLARED_SELECTOR = YES;
				GCC_WARN_UNINITIALIZED_AUTOS = YES_AGGRESSIVE;
				GCC_WARN_UNUSED_FUNCTION = YES;
				GCC_WARN_UNUSED_VARIABLE = YES;
				IPHONEOS_DEPLOYMENT_TARGET = 17.2;
				LOCALIZATION_PREFERS_STRING_CATALOGS = YES;
				MTL_ENABLE_DEBUG_INFO = NO;
				MTL_FAST_MATH = YES;
				SDKROOT = iphoneos;
				SWIFT_COMPILATION_MODE = wholemodule;
				VALIDATE_PRODUCT = YES;
			};
			name = Release;
		};
		A701948D2C2ACA9000FCD22E /* Debug */ = {
			isa = XCBuildConfiguration;
			baseConfigurationReference = C6F85125DC854B3492628260 /* Pods-Bullion.debug.xcconfig */;
			buildSettings = {
				ASSETCATALOG_COMPILER_APPICON_NAME = AppIcon;
				ASSETCATALOG_COMPILER_GLOBAL_ACCENT_COLOR_NAME = AccentColor;
				CODE_SIGN_STYLE = Automatic;
				CURRENT_PROJECT_VERSION = 1;
				DEVELOPMENT_TEAM = M843HJCGXQ;
				ENABLE_USER_SCRIPT_SANDBOXING = NO;
				GENERATE_INFOPLIST_FILE = YES;
				INFOPLIST_FILE = Bullion/Resource/Info.plist;
				INFOPLIST_KEY_UIApplicationSupportsIndirectInputEvents = YES;
				INFOPLIST_KEY_UILaunchStoryboardName = LaunchScreen;
				INFOPLIST_KEY_UIMainStoryboardFile = Main;
				INFOPLIST_KEY_UISupportedInterfaceOrientations_iPad = "UIInterfaceOrientationPortrait UIInterfaceOrientationPortraitUpsideDown UIInterfaceOrientationLandscapeLeft UIInterfaceOrientationLandscapeRight";
				INFOPLIST_KEY_UISupportedInterfaceOrientations_iPhone = "UIInterfaceOrientationPortrait UIInterfaceOrientationLandscapeLeft UIInterfaceOrientationLandscapeRight";
				LD_RUNPATH_SEARCH_PATHS = (
					"$(inherited)",
					"@executable_path/Frameworks",
				);
				MARKETING_VERSION = 1.0;
				PRODUCT_BUNDLE_IDENTIFIER = com.faza.Bullion;
				PRODUCT_NAME = "$(TARGET_NAME)";
				SWIFT_EMIT_LOC_STRINGS = YES;
				SWIFT_VERSION = 5.0;
				TARGETED_DEVICE_FAMILY = "1,2";
			};
			name = Debug;
		};
		A701948E2C2ACA9000FCD22E /* Release */ = {
			isa = XCBuildConfiguration;
			baseConfigurationReference = D74A091B9B56E1B5D78A006C /* Pods-Bullion.release.xcconfig */;
			buildSettings = {
				ASSETCATALOG_COMPILER_APPICON_NAME = AppIcon;
				ASSETCATALOG_COMPILER_GLOBAL_ACCENT_COLOR_NAME = AccentColor;
				CODE_SIGN_STYLE = Automatic;
				CURRENT_PROJECT_VERSION = 1;
				DEVELOPMENT_TEAM = M843HJCGXQ;
				ENABLE_USER_SCRIPT_SANDBOXING = NO;
				GENERATE_INFOPLIST_FILE = YES;
				INFOPLIST_FILE = Bullion/Resource/Info.plist;
				INFOPLIST_KEY_UIApplicationSupportsIndirectInputEvents = YES;
				INFOPLIST_KEY_UILaunchStoryboardName = LaunchScreen;
				INFOPLIST_KEY_UIMainStoryboardFile = Main;
				INFOPLIST_KEY_UISupportedInterfaceOrientations_iPad = "UIInterfaceOrientationPortrait UIInterfaceOrientationPortraitUpsideDown UIInterfaceOrientationLandscapeLeft UIInterfaceOrientationLandscapeRight";
				INFOPLIST_KEY_UISupportedInterfaceOrientations_iPhone = "UIInterfaceOrientationPortrait UIInterfaceOrientationLandscapeLeft UIInterfaceOrientationLandscapeRight";
				LD_RUNPATH_SEARCH_PATHS = (
					"$(inherited)",
					"@executable_path/Frameworks",
				);
				MARKETING_VERSION = 1.0;
				PRODUCT_BUNDLE_IDENTIFIER = com.faza.Bullion;
				PRODUCT_NAME = "$(TARGET_NAME)";
				SWIFT_EMIT_LOC_STRINGS = YES;
				SWIFT_VERSION = 5.0;
				TARGETED_DEVICE_FAMILY = "1,2";
			};
			name = Release;
		};
		A70194902C2ACA9000FCD22E /* Debug */ = {
			isa = XCBuildConfiguration;
			buildSettings = {
				ALWAYS_EMBED_SWIFT_STANDARD_LIBRARIES = YES;
				BUNDLE_LOADER = "$(TEST_HOST)";
				CODE_SIGN_STYLE = Automatic;
				CURRENT_PROJECT_VERSION = 1;
				DEVELOPMENT_TEAM = M843HJCGXQ;
				GENERATE_INFOPLIST_FILE = YES;
				IPHONEOS_DEPLOYMENT_TARGET = 17.2;
				MARKETING_VERSION = 1.0;
				PRODUCT_BUNDLE_IDENTIFIER = com.faza.BullionTests;
				PRODUCT_NAME = "$(TARGET_NAME)";
				SWIFT_EMIT_LOC_STRINGS = NO;
				SWIFT_VERSION = 5.0;
				TARGETED_DEVICE_FAMILY = "1,2";
				TEST_HOST = "$(BUILT_PRODUCTS_DIR)/Bullion.app/$(BUNDLE_EXECUTABLE_FOLDER_PATH)/Bullion";
			};
			name = Debug;
		};
		A70194912C2ACA9000FCD22E /* Release */ = {
			isa = XCBuildConfiguration;
			buildSettings = {
				ALWAYS_EMBED_SWIFT_STANDARD_LIBRARIES = YES;
				BUNDLE_LOADER = "$(TEST_HOST)";
				CODE_SIGN_STYLE = Automatic;
				CURRENT_PROJECT_VERSION = 1;
				DEVELOPMENT_TEAM = M843HJCGXQ;
				GENERATE_INFOPLIST_FILE = YES;
				IPHONEOS_DEPLOYMENT_TARGET = 17.2;
				MARKETING_VERSION = 1.0;
				PRODUCT_BUNDLE_IDENTIFIER = com.faza.BullionTests;
				PRODUCT_NAME = "$(TARGET_NAME)";
				SWIFT_EMIT_LOC_STRINGS = NO;
				SWIFT_VERSION = 5.0;
				TARGETED_DEVICE_FAMILY = "1,2";
				TEST_HOST = "$(BUILT_PRODUCTS_DIR)/Bullion.app/$(BUNDLE_EXECUTABLE_FOLDER_PATH)/Bullion";
			};
			name = Release;
		};
		A70194932C2ACA9000FCD22E /* Debug */ = {
			isa = XCBuildConfiguration;
			buildSettings = {
				ALWAYS_EMBED_SWIFT_STANDARD_LIBRARIES = YES;
				CODE_SIGN_STYLE = Automatic;
				CURRENT_PROJECT_VERSION = 1;
				DEVELOPMENT_TEAM = M843HJCGXQ;
				GENERATE_INFOPLIST_FILE = YES;
				MARKETING_VERSION = 1.0;
				PRODUCT_BUNDLE_IDENTIFIER = com.faza.BullionUITests;
				PRODUCT_NAME = "$(TARGET_NAME)";
				SWIFT_EMIT_LOC_STRINGS = NO;
				SWIFT_VERSION = 5.0;
				TARGETED_DEVICE_FAMILY = "1,2";
				TEST_TARGET_NAME = Bullion;
			};
			name = Debug;
		};
		A70194942C2ACA9000FCD22E /* Release */ = {
			isa = XCBuildConfiguration;
			buildSettings = {
				ALWAYS_EMBED_SWIFT_STANDARD_LIBRARIES = YES;
				CODE_SIGN_STYLE = Automatic;
				CURRENT_PROJECT_VERSION = 1;
				DEVELOPMENT_TEAM = M843HJCGXQ;
				GENERATE_INFOPLIST_FILE = YES;
				MARKETING_VERSION = 1.0;
				PRODUCT_BUNDLE_IDENTIFIER = com.faza.BullionUITests;
				PRODUCT_NAME = "$(TARGET_NAME)";
				SWIFT_EMIT_LOC_STRINGS = NO;
				SWIFT_VERSION = 5.0;
				TARGETED_DEVICE_FAMILY = "1,2";
				TEST_TARGET_NAME = Bullion;
			};
			name = Release;
		};
/* End XCBuildConfiguration section */

/* Begin XCConfigurationList section */
		A701945D2C2ACA8F00FCD22E /* Build configuration list for PBXProject "Bullion" */ = {
			isa = XCConfigurationList;
			buildConfigurations = (
				A701948A2C2ACA9000FCD22E /* Debug */,
				A701948B2C2ACA9000FCD22E /* Release */,
			);
			defaultConfigurationIsVisible = 0;
			defaultConfigurationName = Release;
		};
		A701948C2C2ACA9000FCD22E /* Build configuration list for PBXNativeTarget "Bullion" */ = {
			isa = XCConfigurationList;
			buildConfigurations = (
				A701948D2C2ACA9000FCD22E /* Debug */,
				A701948E2C2ACA9000FCD22E /* Release */,
			);
			defaultConfigurationIsVisible = 0;
			defaultConfigurationName = Release;
		};
		A701948F2C2ACA9000FCD22E /* Build configuration list for PBXNativeTarget "BullionTests" */ = {
			isa = XCConfigurationList;
			buildConfigurations = (
				A70194902C2ACA9000FCD22E /* Debug */,
				A70194912C2ACA9000FCD22E /* Release */,
			);
			defaultConfigurationIsVisible = 0;
			defaultConfigurationName = Release;
		};
		A70194922C2ACA9000FCD22E /* Build configuration list for PBXNativeTarget "BullionUITests" */ = {
			isa = XCConfigurationList;
			buildConfigurations = (
				A70194932C2ACA9000FCD22E /* Debug */,
				A70194942C2ACA9000FCD22E /* Release */,
			);
			defaultConfigurationIsVisible = 0;
			defaultConfigurationName = Release;
		};
/* End XCConfigurationList section */
	};
	rootObject = A701945A2C2ACA8F00FCD22E /* Project object */;
}
